{
  "name": "s3Notifications",
  "version": "1.0.0",
  "lockfileVersion": 1,
  "requires": true,
  "dependencies": {
    "moment": {
      "version": "2.22.1",
      "resolved": "https://registry.npmjs.org/moment/-/moment-2.22.1.tgz",
      "integrity": "sha512-shJkRTSebXvsVqk56I+lkb2latjBs8I+pc2TzWc545y2iFnSjm7Wg0QMh+ZWcdSLQyGEau5jI8ocnmkyTgr9YQ=="
    },
    "moment-timezone": {
      "version": "0.5.17",
      "resolved": "https://registry.npmjs.org/moment-timezone/-/moment-timezone-0.5.17.tgz",
      "integrity": "sha512-Y/JpVEWIOA9Gho4vO15MTnW1FCmHi3ypprrkUaxsZ1TKg3uqC8q/qMBjTddkHoiwwZN3qvZSr4zJP7x9V3LpXA==",
      "requires": {
        "moment": "2.22.1"
      }
    },
    "nodemailer": {
      "version": "4.6.4",
      "resolved": "https://registry.npmjs.org/nodemailer/-/nodemailer-4.6.4.tgz",
      "integrity": "sha512-SD4uuX7NMzZ5f5m1XHDd13J4UC3SmdJk8DsmU1g6Nrs5h3x9LcXr6EBPZIqXRJ3LrF7RdklzGhZRF/TuylTcLg=="
    }
  }
}
